
Microsoft Visual Studio Solution File, Format Version 12.00
# Visual Studio Version 17
VisualStudioVersion = 17.12.35521.163 d17.12
MinimumVisualStudioVersion = 10.0.40219.1
Project("{FAE04EC0-301F-11D3-BF4B-00C04F79EFBC}") = "App", "App.csproj", "{4486A886-0FBA-4015-BBDD-EFA26B44A5FD}"
EndProject
Project("{FAE04EC0-301F-11D3-BF4B-00C04F79EFBC}") = "DataAccess", "..\DataAccess\DataAccess.csproj", "{937B49F9-170D-465A-B61A-2D49E7938AB3}"
EndProject
Project("{FAE04EC0-301F-11D3-BF4B-00C04F79EFBC}") = "Models", "..\Models\Models.csproj", "{732FAD94-0E5A-437D-8CF1-6511B82D79EF}"
EndProject
Global
	GlobalSection(SolutionConfigurationPlatforms) = preSolution
		Debug|Any CPU = Debug|Any CPU
		Release|Any CPU = Release|Any CPU
	EndGlobalSection
	GlobalSection(ProjectConfigurationPlatforms) = postSolution
		{4486A886-0FBA-4015-BBDD-EFA26B44A5FD}.Debug|Any CPU.ActiveCfg = Debug|Any CPU
		{4486A886-0FBA-4015-BBDD-EFA26B44A5FD}.Debug|Any CPU.Build.0 = Debug|Any CPU
		{4486A886-0FBA-4015-BBDD-EFA26B44A5FD}.Release|Any CPU.ActiveCfg = Release|Any CPU
		{4486A886-0FBA-4015-BBDD-EFA26B44A5FD}.Release|Any CPU.Build.0 = Release|Any CPU
		{937B49F9-170D-465A-B61A-2D49E7938AB3}.Debug|Any CPU.ActiveCfg = Debug|Any CPU
		{937B49F9-170D-465A-B61A-2D49E7938AB3}.Debug|Any CPU.Build.0 = Debug|Any CPU
		{937B49F9-170D-465A-B61A-2D49E7938AB3}.Release|Any CPU.ActiveCfg = Release|Any CPU
		{937B49F9-170D-465A-B61A-2D49E7938AB3}.Release|Any CPU.Build.0 = Release|Any CPU
		{732FAD94-0E5A-437D-8CF1-6511B82D79EF}.Debug|Any CPU.ActiveCfg = Debug|Any CPU
		{732FAD94-0E5A-437D-8CF1-6511B82D79EF}.Debug|Any CPU.Build.0 = Debug|Any CPU
		{732FAD94-0E5A-437D-8CF1-6511B82D79EF}.Release|Any CPU.ActiveCfg = Release|Any CPU
		{732FAD94-0E5A-437D-8CF1-6511B82D79EF}.Release|Any CPU.Build.0 = Release|Any CPU
	EndGlobalSection
	GlobalSection(SolutionProperties) = preSolution
		HideSolutionNode = FALSE
	EndGlobalSection
EndGlobal
